
Microsoft Visual Studio Solution File, Format Version 12.00
# Visual Studio Version 16
VisualStudioVersion = 16.0.30611.23
MinimumVisualStudioVersion = 10.0.40219.1
Project("{FAE04EC0-301F-11D3-BF4B-00C04F79EFBC}") = "CSharpConceptsDay2", "CSharpConceptsDay2\CSharpConceptsDay2.csproj", "{6BD12F36-5DE0-4821-8378-185AEE494379}"
EndProject
Global
	GlobalSection(SolutionConfigurationPlatforms) = preSolution
		Debug|Any CPU = Debug|Any CPU
		Release|Any CPU = Release|Any CPU
	EndGlobalSection
	GlobalSection(ProjectConfigurationPlatforms) = postSolution
		{6BD12F36-5DE0-4821-8378-185AEE494379}.Debug|Any CPU.ActiveCfg = Debug|Any CPU
		{6BD12F36-5DE0-4821-8378-185AEE494379}.Debug|Any CPU.Build.0 = Debug|Any CPU
		{6BD12F36-5DE0-4821-8378-185AEE494379}.Release|Any CPU.ActiveCfg = Release|Any CPU
		{6BD12F36-5DE0-4821-8378-185AEE494379}.Release|Any CPU.Build.0 = Release|Any CPU
	EndGlobalSection
	GlobalSection(SolutionProperties) = preSolution
		HideSolutionNode = FALSE
	EndGlobalSection
	GlobalSection(ExtensibilityGlobals) = postSolution
		SolutionGuid = {09CBD5B7-6279-493D-A822-F2018C5B78D9}
	EndGlobalSection
EndGlobal
