
Microsoft Visual Studio Solution File, Format Version 12.00
# Visual Studio Version 16
VisualStudioVersion = 16.0.30611.23
MinimumVisualStudioVersion = 10.0.40219.1
Project("{FAE04EC0-301F-11D3-BF4B-00C04F79EFBC}") = "HandsOnChecking", "HandsOnChecking\HandsOnChecking.csproj", "{BA34B4F2-A207-485F-BECC-EA937527A604}"
EndProject
Global
	GlobalSection(SolutionConfigurationPlatforms) = preSolution
		Debug|Any CPU = Debug|Any CPU
		Release|Any CPU = Release|Any CPU
	EndGlobalSection
	GlobalSection(ProjectConfigurationPlatforms) = postSolution
		{BA34B4F2-A207-485F-BECC-EA937527A604}.Debug|Any CPU.ActiveCfg = Debug|Any CPU
		{BA34B4F2-A207-485F-BECC-EA937527A604}.Debug|Any CPU.Build.0 = Debug|Any CPU
		{BA34B4F2-A207-485F-BECC-EA937527A604}.Release|Any CPU.ActiveCfg = Release|Any CPU
		{BA34B4F2-A207-485F-BECC-EA937527A604}.Release|Any CPU.Build.0 = Release|Any CPU
	EndGlobalSection
	GlobalSection(SolutionProperties) = preSolution
		HideSolutionNode = FALSE
	EndGlobalSection
	GlobalSection(ExtensibilityGlobals) = postSolution
		SolutionGuid = {4DD35998-C7F6-4B45-820C-4B7CD2B53131}
	EndGlobalSection
EndGlobal
