
Microsoft Visual Studio Solution File, Format Version 12.00
# Visual Studio Version 16
VisualStudioVersion = 16.0.30611.23
MinimumVisualStudioVersion = 10.0.40219.1
Project("{FAE04EC0-301F-11D3-BF4B-00C04F79EFBC}") = "ArrayConceptStuff", "ArrayConceptStuff\ArrayConceptStuff.csproj", "{B0AC70E9-52D2-4339-BD57-31C8D808B264}"
EndProject
Global
	GlobalSection(SolutionConfigurationPlatforms) = preSolution
		Debug|Any CPU = Debug|Any CPU
		Release|Any CPU = Release|Any CPU
	EndGlobalSection
	GlobalSection(ProjectConfigurationPlatforms) = postSolution
		{B0AC70E9-52D2-4339-BD57-31C8D808B264}.Debug|Any CPU.ActiveCfg = Debug|Any CPU
		{B0AC70E9-52D2-4339-BD57-31C8D808B264}.Debug|Any CPU.Build.0 = Debug|Any CPU
		{B0AC70E9-52D2-4339-BD57-31C8D808B264}.Release|Any CPU.ActiveCfg = Release|Any CPU
		{B0AC70E9-52D2-4339-BD57-31C8D808B264}.Release|Any CPU.Build.0 = Release|Any CPU
	EndGlobalSection
	GlobalSection(SolutionProperties) = preSolution
		HideSolutionNode = FALSE
	EndGlobalSection
	GlobalSection(ExtensibilityGlobals) = postSolution
		SolutionGuid = {299732F7-146A-40A6-ABEE-BBBB1150D4F1}
	EndGlobalSection
EndGlobal
