
Microsoft Visual Studio Solution File, Format Version 12.00
# Visual Studio Version 16
VisualStudioVersion = 16.0.31005.135
MinimumVisualStudioVersion = 10.0.40219.1
Project("{FAE04EC0-301F-11D3-BF4B-00C04F79EFBC}") = "GarbageCollectorConceptsDemo", "GarbageCollectorConceptsDemo\GarbageCollectorConceptsDemo.csproj", "{1BDBE8D3-343D-492A-B905-A71CC60894FD}"
EndProject
Global
	GlobalSection(SolutionConfigurationPlatforms) = preSolution
		Debug|Any CPU = Debug|Any CPU
		Release|Any CPU = Release|Any CPU
	EndGlobalSection
	GlobalSection(ProjectConfigurationPlatforms) = postSolution
		{1BDBE8D3-343D-492A-B905-A71CC60894FD}.Debug|Any CPU.ActiveCfg = Debug|Any CPU
		{1BDBE8D3-343D-492A-B905-A71CC60894FD}.Debug|Any CPU.Build.0 = Debug|Any CPU
		{1BDBE8D3-343D-492A-B905-A71CC60894FD}.Release|Any CPU.ActiveCfg = Release|Any CPU
		{1BDBE8D3-343D-492A-B905-A71CC60894FD}.Release|Any CPU.Build.0 = Release|Any CPU
	EndGlobalSection
	GlobalSection(SolutionProperties) = preSolution
		HideSolutionNode = FALSE
	EndGlobalSection
	GlobalSection(ExtensibilityGlobals) = postSolution
		SolutionGuid = {EDBA6D4D-A09F-4B2C-A845-6374F7A7C46B}
	EndGlobalSection
EndGlobal
